
Microsoft Visual Studio Solution File, Format Version 12.00
# Visual Studio Version 16
VisualStudioVersion = 25.0.1706.8
MinimumVisualStudioVersion = 10.0.40219.1
Project("{FAE04EC0-301F-11D3-BF4B-00C04F79EFBC}") = "SweetGift", "SweetGift.csproj", "{7771E523-C06F-4921-AD60-5943B9643F44}"
EndProject
Global
	GlobalSection(SolutionConfigurationPlatforms) = preSolution
		Debug|Any CPU = Debug|Any CPU
		Release|Any CPU = Release|Any CPU
	EndGlobalSection
	GlobalSection(ProjectConfigurationPlatforms) = postSolution
		{7771E523-C06F-4921-AD60-5943B9643F44}.Debug|Any CPU.ActiveCfg = Debug|Any CPU
		{7771E523-C06F-4921-AD60-5943B9643F44}.Debug|Any CPU.Build.0 = Debug|Any CPU
		{7771E523-C06F-4921-AD60-5943B9643F44}.Release|Any CPU.ActiveCfg = Release|Any CPU
		{7771E523-C06F-4921-AD60-5943B9643F44}.Release|Any CPU.Build.0 = Release|Any CPU
	EndGlobalSection
	GlobalSection(SolutionProperties) = preSolution
		HideSolutionNode = FALSE
	EndGlobalSection
	GlobalSection(ExtensibilityGlobals) = postSolution
		SolutionGuid = {0C119FD6-178E-43A5-AC69-B6326CF3A15C}
	EndGlobalSection
EndGlobal
